
Microsoft Visual Studio Solution File, Format Version 12.00
# Visual Studio Version 16
VisualStudioVersion = 16.0.31205.134
MinimumVisualStudioVersion = 10.0.40219.1
Project("{FAE04EC0-301F-11D3-BF4B-00C04F79EFBC}") = "Lecture4", "Lecture4\Lecture4.csproj", "{F2BB7FD3-F9B2-4304-9EE7-855884C0413E}"
EndProject
Global
	GlobalSection(SolutionConfigurationPlatforms) = preSolution
		Debug|Any CPU = Debug|Any CPU
		Release|Any CPU = Release|Any CPU
	EndGlobalSection
	GlobalSection(ProjectConfigurationPlatforms) = postSolution
		{F2BB7FD3-F9B2-4304-9EE7-855884C0413E}.Debug|Any CPU.ActiveCfg = Debug|Any CPU
		{F2BB7FD3-F9B2-4304-9EE7-855884C0413E}.Debug|Any CPU.Build.0 = Debug|Any CPU
		{F2BB7FD3-F9B2-4304-9EE7-855884C0413E}.Release|Any CPU.ActiveCfg = Release|Any CPU
		{F2BB7FD3-F9B2-4304-9EE7-855884C0413E}.Release|Any CPU.Build.0 = Release|Any CPU
	EndGlobalSection
	GlobalSection(SolutionProperties) = preSolution
		HideSolutionNode = FALSE
	EndGlobalSection
	GlobalSection(ExtensibilityGlobals) = postSolution
		SolutionGuid = {95308417-3B3B-4596-9BFF-F32D1001CD0E}
	EndGlobalSection
EndGlobal
