
Microsoft Visual Studio Solution File, Format Version 12.00
# Visual Studio Version 16
VisualStudioVersion = 16.0.31205.134
MinimumVisualStudioVersion = 10.0.40219.1
Project("{FAE04EC0-301F-11D3-BF4B-00C04F79EFBC}") = "Lecture2", "Lecture2\Lecture2.csproj", "{2F7657DE-DE30-4B3C-ADD5-66DF90E3369D}"
EndProject
Global
	GlobalSection(SolutionConfigurationPlatforms) = preSolution
		Debug|Any CPU = Debug|Any CPU
		Release|Any CPU = Release|Any CPU
	EndGlobalSection
	GlobalSection(ProjectConfigurationPlatforms) = postSolution
		{2F7657DE-DE30-4B3C-ADD5-66DF90E3369D}.Debug|Any CPU.ActiveCfg = Debug|Any CPU
		{2F7657DE-DE30-4B3C-ADD5-66DF90E3369D}.Debug|Any CPU.Build.0 = Debug|Any CPU
		{2F7657DE-DE30-4B3C-ADD5-66DF90E3369D}.Release|Any CPU.ActiveCfg = Release|Any CPU
		{2F7657DE-DE30-4B3C-ADD5-66DF90E3369D}.Release|Any CPU.Build.0 = Release|Any CPU
	EndGlobalSection
	GlobalSection(SolutionProperties) = preSolution
		HideSolutionNode = FALSE
	EndGlobalSection
	GlobalSection(ExtensibilityGlobals) = postSolution
		SolutionGuid = {BA935F0C-7F6E-4437-A3FF-885A154D135F}
	EndGlobalSection
EndGlobal
