
Microsoft Visual Studio Solution File, Format Version 12.00
# Visual Studio Version 16
VisualStudioVersion = 16.0.31205.134
MinimumVisualStudioVersion = 10.0.40219.1
Project("{FAE04EC0-301F-11D3-BF4B-00C04F79EFBC}") = "Intro_WebAPI", "Intro_WebAPI\Intro_WebAPI.csproj", "{4799E1EB-D482-41EF-B508-0F8536878284}"
EndProject
Global
	GlobalSection(SolutionConfigurationPlatforms) = preSolution
		Debug|Any CPU = Debug|Any CPU
		Release|Any CPU = Release|Any CPU
	EndGlobalSection
	GlobalSection(ProjectConfigurationPlatforms) = postSolution
		{4799E1EB-D482-41EF-B508-0F8536878284}.Debug|Any CPU.ActiveCfg = Debug|Any CPU
		{4799E1EB-D482-41EF-B508-0F8536878284}.Debug|Any CPU.Build.0 = Debug|Any CPU
		{4799E1EB-D482-41EF-B508-0F8536878284}.Release|Any CPU.ActiveCfg = Release|Any CPU
		{4799E1EB-D482-41EF-B508-0F8536878284}.Release|Any CPU.Build.0 = Release|Any CPU
	EndGlobalSection
	GlobalSection(SolutionProperties) = preSolution
		HideSolutionNode = FALSE
	EndGlobalSection
	GlobalSection(ExtensibilityGlobals) = postSolution
		SolutionGuid = {8D21726F-4BED-4FC7-8F18-ACD02B46FB67}
	EndGlobalSection
EndGlobal
